
Microsoft Visual Studio Solution File, Format Version 12.00
# Visual Studio 14
VisualStudioVersion = 14.0.23107.0
MinimumVisualStudioVersion = 10.0.40219.1
Project("{FAE04EC0-301F-11D3-BF4B-00C04F79EFBC}") = "MRPNewsFlash", "MRPNewsFlash\MRPNewsFlash.csproj", "{35C84E0F-D59E-484C-AD4B-A6B7BD0036F4}"
EndProject
Project("{FAE04EC0-301F-11D3-BF4B-00C04F79EFBC}") = "MRPNewsFlashWeb", "MRPNewsFlashWeb\MRPNewsFlashWeb.csproj", "{0659C247-8ABE-41D3-96B0-B9F2605966BE}"
EndProject
Global
	GlobalSection(SolutionConfigurationPlatforms) = preSolution
		Debug|Any CPU = Debug|Any CPU
		Release|Any CPU = Release|Any CPU
	EndGlobalSection
	GlobalSection(ProjectConfigurationPlatforms) = postSolution
		{35C84E0F-D59E-484C-AD4B-A6B7BD0036F4}.Debug|Any CPU.ActiveCfg = Debug|Any CPU
		{35C84E0F-D59E-484C-AD4B-A6B7BD0036F4}.Debug|Any CPU.Build.0 = Debug|Any CPU
		{35C84E0F-D59E-484C-AD4B-A6B7BD0036F4}.Debug|Any CPU.Deploy.0 = Debug|Any CPU
		{35C84E0F-D59E-484C-AD4B-A6B7BD0036F4}.Release|Any CPU.ActiveCfg = Release|Any CPU
		{35C84E0F-D59E-484C-AD4B-A6B7BD0036F4}.Release|Any CPU.Build.0 = Release|Any CPU
		{35C84E0F-D59E-484C-AD4B-A6B7BD0036F4}.Release|Any CPU.Deploy.0 = Release|Any CPU
		{0659C247-8ABE-41D3-96B0-B9F2605966BE}.Debug|Any CPU.ActiveCfg = Debug|Any CPU
		{0659C247-8ABE-41D3-96B0-B9F2605966BE}.Debug|Any CPU.Build.0 = Debug|Any CPU
		{0659C247-8ABE-41D3-96B0-B9F2605966BE}.Release|Any CPU.ActiveCfg = Release|Any CPU
		{0659C247-8ABE-41D3-96B0-B9F2605966BE}.Release|Any CPU.Build.0 = Release|Any CPU
	EndGlobalSection
	GlobalSection(SolutionProperties) = preSolution
		HideSolutionNode = FALSE
	EndGlobalSection
EndGlobal
